
Microsoft Visual Studio Solution File, Format Version 12.00
# Visual Studio Version 17
VisualStudioVersion = 17.3.32929.385
MinimumVisualStudioVersion = 10.0.40219.1
Project("{FAE04EC0-301F-11D3-BF4B-00C04F79EFBC}") = "WebApplication1", "WebApplication1.csproj", "{939B753D-27C8-454A-AB34-2D2D641B07C4}"
EndProject
Global
	GlobalSection(SolutionConfigurationPlatforms) = preSolution
		Debug|Any CPU = Debug|Any CPU
		Release|Any CPU = Release|Any CPU
	EndGlobalSection
	GlobalSection(ProjectConfigurationPlatforms) = postSolution
		{939B753D-27C8-454A-AB34-2D2D641B07C4}.Debug|Any CPU.ActiveCfg = Debug|Any CPU
		{939B753D-27C8-454A-AB34-2D2D641B07C4}.Debug|Any CPU.Build.0 = Debug|Any CPU
		{939B753D-27C8-454A-AB34-2D2D641B07C4}.Release|Any CPU.ActiveCfg = Release|Any CPU
		{939B753D-27C8-454A-AB34-2D2D641B07C4}.Release|Any CPU.Build.0 = Release|Any CPU
	EndGlobalSection
	GlobalSection(SolutionProperties) = preSolution
		HideSolutionNode = FALSE
	EndGlobalSection
	GlobalSection(ExtensibilityGlobals) = postSolution
		SolutionGuid = {24E8A0AC-3DCA-47BB-B242-7362693EA423}
	EndGlobalSection
EndGlobal
